
Microsoft Visual Studio Solution File, Format Version 12.00
# Visual Studio Version 16
VisualStudioVersion = 16.0.31624.102
MinimumVisualStudioVersion = 10.0.40219.1
Project("{8BC9CEB8-8B4A-11D0-8D11-00A0C91BC942}") = "task5", "task5.vcxproj", "{BE26FD6B-660E-43FA-B7CE-DFC8835B0CB1}"
EndProject
Project("{8BC9CEB8-8B4A-11D0-8D11-00A0C91BC942}") = "task5_func", "..\task5_func\task5_func.vcxproj", "{DC732647-31A7-446F-8798-7A67342F7E1B}"
EndProject
Global
	GlobalSection(SolutionConfigurationPlatforms) = preSolution
		Debug|x64 = Debug|x64
		Debug|x86 = Debug|x86
		Release|x64 = Release|x64
		Release|x86 = Release|x86
	EndGlobalSection
	GlobalSection(ProjectConfigurationPlatforms) = postSolution
		{BE26FD6B-660E-43FA-B7CE-DFC8835B0CB1}.Debug|x64.ActiveCfg = Debug|x64
		{BE26FD6B-660E-43FA-B7CE-DFC8835B0CB1}.Debug|x64.Build.0 = Debug|x64
		{BE26FD6B-660E-43FA-B7CE-DFC8835B0CB1}.Debug|x86.ActiveCfg = Debug|Win32
		{BE26FD6B-660E-43FA-B7CE-DFC8835B0CB1}.Debug|x86.Build.0 = Debug|Win32
		{BE26FD6B-660E-43FA-B7CE-DFC8835B0CB1}.Release|x64.ActiveCfg = Release|x64
		{BE26FD6B-660E-43FA-B7CE-DFC8835B0CB1}.Release|x64.Build.0 = Release|x64
		{BE26FD6B-660E-43FA-B7CE-DFC8835B0CB1}.Release|x86.ActiveCfg = Release|Win32
		{BE26FD6B-660E-43FA-B7CE-DFC8835B0CB1}.Release|x86.Build.0 = Release|Win32
		{DC732647-31A7-446F-8798-7A67342F7E1B}.Debug|x64.ActiveCfg = Debug|x64
		{DC732647-31A7-446F-8798-7A67342F7E1B}.Debug|x64.Build.0 = Debug|x64
		{DC732647-31A7-446F-8798-7A67342F7E1B}.Debug|x86.ActiveCfg = Debug|Win32
		{DC732647-31A7-446F-8798-7A67342F7E1B}.Debug|x86.Build.0 = Debug|Win32
		{DC732647-31A7-446F-8798-7A67342F7E1B}.Release|x64.ActiveCfg = Release|x64
		{DC732647-31A7-446F-8798-7A67342F7E1B}.Release|x64.Build.0 = Release|x64
		{DC732647-31A7-446F-8798-7A67342F7E1B}.Release|x86.ActiveCfg = Release|Win32
		{DC732647-31A7-446F-8798-7A67342F7E1B}.Release|x86.Build.0 = Release|Win32
	EndGlobalSection
	GlobalSection(SolutionProperties) = preSolution
		HideSolutionNode = FALSE
	EndGlobalSection
	GlobalSection(ExtensibilityGlobals) = postSolution
		SolutionGuid = {101242C4-424C-4656-BC60-3B1E0810B615}
	EndGlobalSection
EndGlobal
